// !$*UTF8*$!
{
	archiveVersion = 1;
	classes = {
	};
	objectVersion = 55;
	objects = {

/* Begin PBXBuildFile section */
		E5725C04275941AA004847F8 /* GithubPayByStripeApp.swift in Sources */ = {isa = PBXBuildFile; fileRef = E5725C03275941AA004847F8 /* GithubPayByStripeApp.swift */; };
		E5725C06275941AA004847F8 /* ContentView.swift in Sources */ = {isa = PBXBuildFile; fileRef = E5725C05275941AA004847F8 /* ContentView.swift */; };
		E5725C08275941AC004847F8 /* Assets.xcassets in Resources */ = {isa = PBXBuildFile; fileRef = E5725C07275941AC004847F8 /* Assets.xcassets */; };
		E5725C0B275941AC004847F8 /* Preview Assets.xcassets in Resources */ = {isa = PBXBuildFile; fileRef = E5725C0A275941AC004847F8 /* Preview Assets.xcassets */; };
		E5725C0D275941AC004847F8 /* Persistence.swift in Sources */ = {isa = PBXBuildFile; fileRef = E5725C0C275941AC004847F8 /* Persistence.swift */; };
		E5725C10275941AC004847F8 /* GithubPayByStripe.xcdatamodeld in Sources */ = {isa = PBXBuildFile; fileRef = E5725C0E275941AC004847F8 /* GithubPayByStripe.xcdatamodeld */; };
		E5725C1A275941AC004847F8 /* GithubPayByStripeTests.swift in Sources */ = {isa = PBXBuildFile; fileRef = E5725C19275941AC004847F8 /* GithubPayByStripeTests.swift */; };
		E5725C24275941AC004847F8 /* GithubPayByStripeUITests.swift in Sources */ = {isa = PBXBuildFile; fileRef = E5725C23275941AC004847F8 /* GithubPayByStripeUITests.swift */; };
		E5725C26275941AC004847F8 /* GithubPayByStripeUITestsLaunchTests.swift in Sources */ = {isa = PBXBuildFile; fileRef = E5725C25275941AC004847F8 /* GithubPayByStripeUITestsLaunchTests.swift */; };
/* End PBXBuildFile section */

/* Begin PBXContainerItemProxy section */
		E5725C16275941AC004847F8 /* PBXContainerItemProxy */ = {
			isa = PBXContainerItemProxy;
			containerPortal = E5725BF8275941AA004847F8 /* Project object */;
			proxyType = 1;
			remoteGlobalIDString = E5725BFF275941AA004847F8;
			remoteInfo = GithubPayByStripe;
		};
		E5725C20275941AC004847F8 /* PBXContainerItemProxy */ = {
			isa = PBXContainerItemProxy;
			containerPortal = E5725BF8275941AA004847F8 /* Project object */;
			proxyType = 1;
			remoteGlobalIDString = E5725BFF275941AA004847F8;
			remoteInfo = GithubPayByStripe;
		};
/* End PBXContainerItemProxy section */

/* Begin PBXFileReference section */
		E5725C00275941AA004847F8 /* GithubPayByStripe.app */ = {isa = PBXFileReference; explicitFileType = wrapper.application; includeInIndex = 0; path = GithubPayByStripe.app; sourceTree = BUILT_PRODUCTS_DIR; };
		E5725C03275941AA004847F8 /* GithubPayByStripeApp.swift */ = {isa = PBXFileReference; lastKnownFileType = sourcecode.swift; path = GithubPayByStripeApp.swift; sourceTree = "<group>"; };
		E5725C05275941AA004847F8 /* ContentView.swift */ = {isa = PBXFileReference; lastKnownFileType = sourcecode.swift; path = ContentView.swift; sourceTree = "<group>"; };
		E5725C07275941AC004847F8 /* Assets.xcassets */ = {isa = PBXFileReference; lastKnownFileType = folder.assetcatalog; path = Assets.xcassets; sourceTree = "<group>"; };
		E5725C0A275941AC004847F8 /* Preview Assets.xcassets */ = {isa = PBXFileReference; lastKnownFileType = folder.assetcatalog; path = "Preview Assets.xcassets"; sourceTree = "<group>"; };
		E5725C0C275941AC004847F8 /* Persistence.swift */ = {isa = PBXFileReference; lastKnownFileType = sourcecode.swift; path = Persistence.swift; sourceTree = "<group>"; };
		E5725C0F275941AC004847F8 /* GithubPayByStripe.xcdatamodel */ = {isa = PBXFileReference; lastKnownFileType = wrapper.xcdatamodel; path = GithubPayByStripe.xcdatamodel; sourceTree = "<group>"; };
		E5725C15275941AC004847F8 /* GithubPayByStripeTests.xctest */ = {isa = PBXFileReference; explicitFileType = wrapper.cfbundle; includeInIndex = 0; path = GithubPayByStripeTests.xctest; sourceTree = BUILT_PRODUCTS_DIR; };
		E5725C19275941AC004847F8 /* GithubPayByStripeTests.swift */ = {isa = PBXFileReference; lastKnownFileType = sourcecode.swift; path = GithubPayByStripeTests.swift; sourceTree = "<group>"; };
		E5725C1F275941AC004847F8 /* GithubPayByStripeUITests.xctest */ = {isa = PBXFileReference; explicitFileType = wrapper.cfbundle; includeInIndex = 0; path = GithubPayByStripeUITests.xctest; sourceTree = BUILT_PRODUCTS_DIR; };
		E5725C23275941AC004847F8 /* GithubPayByStripeUITests.swift */ = {isa = PBXFileReference; lastKnownFileType = sourcecode.swift; path = GithubPayByStripeUITests.swift; sourceTree = "<group>"; };
		E5725C25275941AC004847F8 /* GithubPayByStripeUITestsLaunchTests.swift */ = {isa = PBXFileReference; lastKnownFileType = sourcecode.swift; path = GithubPayByStripeUITestsLaunchTests.swift; sourceTree = "<group>"; };
/* End PBXFileReference section */

/* Begin PBXFrameworksBuildPhase section */
		E5725BFD275941AA004847F8 /* Frameworks */ = {
			isa = PBXFrameworksBuildPhase;
			buildActionMask = 2147483647;
			files = (
			);
			runOnlyForDeploymentPostprocessing = 0;
		};
		E5725C12275941AC004847F8 /* Frameworks */ = {
			isa = PBXFrameworksBuildPhase;
			buildActionMask = 2147483647;
			files = (
			);
			runOnlyForDeploymentPostprocessing = 0;
		};
		E5725C1C275941AC004847F8 /* Frameworks */ = {
			isa = PBXFrameworksBuildPhase;
			buildActionMask = 2147483647;
			files = (
			);
			runOnlyForDeploymentPostprocessing = 0;
		};
/* End PBXFrameworksBuildPhase section */

/* Begin PBXGroup section */
		E5725BF7275941AA004847F8 = {
			isa = PBXGroup;
			children = (
				E5725C02275941AA004847F8 /* GithubPayByStripe */,
				E5725C18275941AC004847F8 /* GithubPayByStripeTests */,
				E5725C22275941AC004847F8 /* GithubPayByStripeUITests */,
				E5725C01275941AA004847F8 /* Products */,
			);
			sourceTree = "<group>";
		};
		E5725C01275941AA004847F8 /* Products */ = {
			isa = PBXGroup;
			children = (
				E5725C00275941AA004847F8 /* GithubPayByStripe.app */,
				E5725C15275941AC004847F8 /* GithubPayByStripeTests.xctest */,
				E5725C1F275941AC004847F8 /* GithubPayByStripeUITests.xctest */,
			);
			name = Products;
			sourceTree = "<group>";
		};
		E5725C02275941AA004847F8 /* GithubPayByStripe */ = {
			isa = PBXGroup;
			children = (
				E5725C03275941AA004847F8 /* GithubPayByStripeApp.swift */,
				E5725C05275941AA004847F8 /* ContentView.swift */,
				E5725C07275941AC004847F8 /* Assets.xcassets */,
				E5725C0C275941AC004847F8 /* Persistence.swift */,
				E5725C0E275941AC004847F8 /* GithubPayByStripe.xcdatamodeld */,
				E5725C09275941AC004847F8 /* Preview Content */,
			);
			path = GithubPayByStripe;
			sourceTree = "<group>";
		};
		E5725C09275941AC004847F8 /* Preview Content */ = {
			isa = PBXGroup;
			children = (
				E5725C0A275941AC004847F8 /* Preview Assets.xcassets */,
			);
			path = "Preview Content";
			sourceTree = "<group>";
		};
		E5725C18275941AC004847F8 /* GithubPayByStripeTests */ = {
			isa = PBXGroup;
			children = (
				E5725C19275941AC004847F8 /* GithubPayByStripeTests.swift */,
			);
			path = GithubPayByStripeTests;
			sourceTree = "<group>";
		};
		E5725C22275941AC004847F8 /* GithubPayByStripeUITests */ = {
			isa = PBXGroup;
			children = (
				E5725C23275941AC004847F8 /* GithubPayByStripeUITests.swift */,
				E5725C25275941AC004847F8 /* GithubPayByStripeUITestsLaunchTests.swift */,
			);
			path = GithubPayByStripeUITests;
			sourceTree = "<group>";
		};
/* End PBXGroup section */

/* Begin PBXNativeTarget section */
		E5725BFF275941AA004847F8 /* GithubPayByStripe */ = {
			isa = PBXNativeTarget;
			buildConfigurationList = E5725C29275941AC004847F8 /* Build configuration list for PBXNativeTarget "GithubPayByStripe" */;
			buildPhases = (
				E5725BFC275941AA004847F8 /* Sources */,
				E5725BFD275941AA004847F8 /* Frameworks */,
				E5725BFE275941AA004847F8 /* Resources */,
			);
			buildRules = (
			);
			dependencies = (
			);
			name = GithubPayByStripe;
			productName = GithubPayByStripe;
			productReference = E5725C00275941AA004847F8 /* GithubPayByStripe.app */;
			productType = "com.apple.product-type.application";
		};
		E5725C14275941AC004847F8 /* GithubPayByStripeTests */ = {
			isa = PBXNativeTarget;
			buildConfigurationList = E5725C2C275941AC004847F8 /* Build configuration list for PBXNativeTarget "GithubPayByStripeTests" */;
			buildPhases = (
				E5725C11275941AC004847F8 /* Sources */,
				E5725C12275941AC004847F8 /* Frameworks */,
				E5725C13275941AC004847F8 /* Resources */,
			);
			buildRules = (
			);
			dependencies = (
				E5725C17275941AC004847F8 /* PBXTargetDependency */,
			);
			name = GithubPayByStripeTests;
			productName = GithubPayByStripeTests;
			productReference = E5725C15275941AC004847F8 /* GithubPayByStripeTests.xctest */;
			productType = "com.apple.product-type.bundle.unit-test";
		};
		E5725C1E275941AC004847F8 /* GithubPayByStripeUITests */ = {
			isa = PBXNativeTarget;
			buildConfigurationList = E5725C2F275941AC004847F8 /* Build configuration list for PBXNativeTarget "GithubPayByStripeUITests" */;
			buildPhases = (
				E5725C1B275941AC004847F8 /* Sources */,
				E5725C1C275941AC004847F8 /* Frameworks */,
				E5725C1D275941AC004847F8 /* Resources */,
			);
			buildRules = (
			);
			dependencies = (
				E5725C21275941AC004847F8 /* PBXTargetDependency */,
			);
			name = GithubPayByStripeUITests;
			productName = GithubPayByStripeUITests;
			productReference = E5725C1F275941AC004847F8 /* GithubPayByStripeUITests.xctest */;
			productType = "com.apple.product-type.bundle.ui-testing";
		};
/* End PBXNativeTarget section */

/* Begin PBXProject section */
		E5725BF8275941AA004847F8 /* Project object */ = {
			isa = PBXProject;
			attributes = {
				BuildIndependentTargetsInParallel = 1;
				LastSwiftUpdateCheck = 1310;
				LastUpgradeCheck = 1310;
				TargetAttributes = {
					E5725BFF275941AA004847F8 = {
						CreatedOnToolsVersion = 13.1;
					};
					E5725C14275941AC004847F8 = {
						CreatedOnToolsVersion = 13.1;
						TestTargetID = E5725BFF275941AA004847F8;
					};
					E5725C1E275941AC004847F8 = {
						CreatedOnToolsVersion = 13.1;
						TestTargetID = E5725BFF275941AA004847F8;
					};
				};
			};
			buildConfigurationList = E5725BFB275941AA004847F8 /* Build configuration list for PBXProject "GithubPayByStripe" */;
			compatibilityVersion = "Xcode 13.0";
			developmentRegion = en;
			hasScannedForEncodings = 0;
			knownRegions = (
				en,
				Base,
			);
			mainGroup = E5725BF7275941AA004847F8;
			productRefGroup = E5725C01275941AA004847F8 /* Products */;
			projectDirPath = "";
			projectRoot = "";
			targets = (
				E5725BFF275941AA004847F8 /* GithubPayByStripe */,
				E5725C14275941AC004847F8 /* GithubPayByStripeTests */,
				E5725C1E275941AC004847F8 /* GithubPayByStripeUITests */,
			);
		};
/* End PBXProject section */

/* Begin PBXResourcesBuildPhase section */
		E5725BFE275941AA004847F8 /* Resources */ = {
			isa = PBXResourcesBuildPhase;
			buildActionMask = 2147483647;
			files = (
				E5725C0B275941AC004847F8 /* Preview Assets.xcassets in Resources */,
				E5725C08275941AC004847F8 /* Assets.xcassets in Resources */,
			);
			runOnlyForDeploymentPostprocessing = 0;
		};
		E5725C13275941AC004847F8 /* Resources */ = {
			isa = PBXResourcesBuildPhase;
			buildActionMask = 2147483647;
			files = (
			);
			runOnlyForDeploymentPostprocessing = 0;
		};
		E5725C1D275941AC004847F8 /* Resources */ = {
			isa = PBXResourcesBuildPhase;
			buildActionMask = 2147483647;
			files = (
			);
			runOnlyForDeploymentPostprocessing = 0;
		};
/* End PBXResourcesBuildPhase section */

/* Begin PBXSourcesBuildPhase section */
		E5725BFC275941AA004847F8 /* Sources */ = {
			isa = PBXSourcesBuildPhase;
			buildActionMask = 2147483647;
			files = (
				E5725C0D275941AC004847F8 /* Persistence.swift in Sources */,
				E5725C10275941AC004847F8 /* GithubPayByStripe.xcdatamodeld in Sources */,
				E5725C06275941AA004847F8 /* ContentView.swift in Sources */,
				E5725C04275941AA004847F8 /* GithubPayByStripeApp.swift in Sources */,
			);
			runOnlyForDeploymentPostprocessing = 0;
		};
		E5725C11275941AC004847F8 /* Sources */ = {
			isa = PBXSourcesBuildPhase;
			buildActionMask = 2147483647;
			files = (
				E5725C1A275941AC004847F8 /* GithubPayByStripeTests.swift in Sources */,
			);
			runOnlyForDeploymentPostprocessing = 0;
		};
		E5725C1B275941AC004847F8 /* Sources */ = {
			isa = PBXSourcesBuildPhase;
			buildActionMask = 2147483647;
			files = (
				E5725C26275941AC004847F8 /* GithubPayByStripeUITestsLaunchTests.swift in Sources */,
				E5725C24275941AC004847F8 /* GithubPayByStripeUITests.swift in Sources */,
			);
			runOnlyForDeploymentPostprocessing = 0;
		};
/* End PBXSourcesBuildPhase section */

/* Begin PBXTargetDependency section */
		E5725C17275941AC004847F8 /* PBXTargetDependency */ = {
			isa = PBXTargetDependency;
			target = E5725BFF275941AA004847F8 /* GithubPayByStripe */;
			targetProxy = E5725C16275941AC004847F8 /* PBXContainerItemProxy */;
		};
		E5725C21275941AC004847F8 /* PBXTargetDependency */ = {
			isa = PBXTargetDependency;
			target = E5725BFF275941AA004847F8 /* GithubPayByStripe */;
			targetProxy = E5725C20275941AC004847F8 /* PBXContainerItemProxy */;
		};
/* End PBXTargetDependency section */

/* Begin XCBuildConfiguration section */
		E5725C27275941AC004847F8 /* Debug */ = {
			isa = XCBuildConfiguration;
			buildSettings = {
				ALWAYS_SEARCH_USER_PATHS = NO;
				CLANG_ANALYZER_NONNULL = YES;
				CLANG_ANALYZER_NUMBER_OBJECT_CONVERSION = YES_AGGRESSIVE;
				CLANG_CXX_LANGUAGE_STANDARD = "gnu++17";
				CLANG_CXX_LIBRARY = "libc++";
				CLANG_ENABLE_MODULES = YES;
				CLANG_ENABLE_OBJC_ARC = YES;
				CLANG_ENABLE_OBJC_WEAK = YES;
				CLANG_WARN_BLOCK_CAPTURE_AUTORELEASING = YES;
				CLANG_WARN_BOOL_CONVERSION = YES;
				CLANG_WARN_COMMA = YES;
				CLANG_WARN_CONSTANT_CONVERSION = YES;
				CLANG_WARN_DEPRECATED_OBJC_IMPLEMENTATIONS = YES;
				CLANG_WARN_DIRECT_OBJC_ISA_USAGE = YES_ERROR;
				CLANG_WARN_DOCUMENTATION_COMMENTS = YES;
				CLANG_WARN_EMPTY_BODY = YES;
				CLANG_WARN_ENUM_CONVERSION = YES;
				CLANG_WARN_INFINITE_RECURSION = YES;
				CLANG_WARN_INT_CONVERSION = YES;
				CLANG_WARN_NON_LITERAL_NULL_CONVERSION = YES;
				CLANG_WARN_OBJC_IMPLICIT_RETAIN_SELF = YES;
				CLANG_WARN_OBJC_LITERAL_CONVERSION = YES;
				CLANG_WARN_OBJC_ROOT_CLASS = YES_ERROR;
				CLANG_WARN_QUOTED_INCLUDE_IN_FRAMEWORK_HEADER = YES;
				CLANG_WARN_RANGE_LOOP_ANALYSIS = YES;
				CLANG_WARN_STRICT_PROTOTYPES = YES;
				CLANG_WARN_SUSPICIOUS_MOVE = YES;
				CLANG_WARN_UNGUARDED_AVAILABILITY = YES_AGGRESSIVE;
				CLANG_WARN_UNREACHABLE_CODE = YES;
				CLANG_WARN__DUPLICATE_METHOD_MATCH = YES;
				COPY_PHASE_STRIP = NO;
				DEBUG_INFORMATION_FORMAT = dwarf;
				ENABLE_STRICT_OBJC_MSGSEND = YES;
				ENABLE_TESTABILITY = YES;
				GCC_C_LANGUAGE_STANDARD = gnu11;
				GCC_DYNAMIC_NO_PIC = NO;
				GCC_NO_COMMON_BLOCKS = YES;
				GCC_OPTIMIZATION_LEVEL = 0;
				GCC_PREPROCESSOR_DEFINITIONS = (
					"DEBUG=1",
					"$(inherited)",
				);
				GCC_WARN_64_TO_32_BIT_CONVERSION = YES;
				GCC_WARN_ABOUT_RETURN_TYPE = YES_ERROR;
				GCC_WARN_UNDECLARED_SELECTOR = YES;
				GCC_WARN_UNINITIALIZED_AUTOS = YES_AGGRESSIVE;
				GCC_WARN_UNUSED_FUNCTION = YES;
				GCC_WARN_UNUSED_VARIABLE = YES;
				IPHONEOS_DEPLOYMENT_TARGET = 15.0;
				MTL_ENABLE_DEBUG_INFO = INCLUDE_SOURCE;
				MTL_FAST_MATH = YES;
				ONLY_ACTIVE_ARCH = YES;
				SDKROOT = iphoneos;
				SWIFT_ACTIVE_COMPILATION_CONDITIONS = DEBUG;
				SWIFT_OPTIMIZATION_LEVEL = "-Onone";
			};
			name = Debug;
		};
		E5725C28275941AC004847F8 /* Release */ = {
			isa = XCBuildConfiguration;
			buildSettings = {
				ALWAYS_SEARCH_USER_PATHS = NO;
				CLANG_ANALYZER_NONNULL = YES;
				CLANG_ANALYZER_NUMBER_OBJECT_CONVERSION = YES_AGGRESSIVE;
				CLANG_CXX_LANGUAGE_STANDARD = "gnu++17";
				CLANG_CXX_LIBRARY = "libc++";
				CLANG_ENABLE_MODULES = YES;
				CLANG_ENABLE_OBJC_ARC = YES;
				CLANG_ENABLE_OBJC_WEAK = YES;
				CLANG_WARN_BLOCK_CAPTURE_AUTORELEASING = YES;
				CLANG_WARN_BOOL_CONVERSION = YES;
				CLANG_WARN_COMMA = YES;
				CLANG_WARN_CONSTANT_CONVERSION = YES;
				CLANG_WARN_DEPRECATED_OBJC_IMPLEMENTATIONS = YES;
				CLANG_WARN_DIRECT_OBJC_ISA_USAGE = YES_ERROR;
				CLANG_WARN_DOCUMENTATION_COMMENTS = YES;
				CLANG_WARN_EMPTY_BODY = YES;
				CLANG_WARN_ENUM_CONVERSION = YES;
				CLANG_WARN_INFINITE_RECURSION = YES;
				CLANG_WARN_INT_CONVERSION = YES;
				CLANG_WARN_NON_LITERAL_NULL_CONVERSION = YES;
				CLANG_WARN_OBJC_IMPLICIT_RETAIN_SELF = YES;
				CLANG_WARN_OBJC_LITERAL_CONVERSION = YES;
				CLANG_WARN_OBJC_ROOT_CLASS = YES_ERROR;
				CLANG_WARN_QUOTED_INCLUDE_IN_FRAMEWORK_HEADER = YES;
				CLANG_WARN_RANGE_LOOP_ANALYSIS = YES;
				CLANG_WARN_STRICT_PROTOTYPES = YES;
				CLANG_WARN_SUSPICIOUS_MOVE = YES;
				CLANG_WARN_UNGUARDED_AVAILABILITY = YES_AGGRESSIVE;
				CLANG_WARN_UNREACHABLE_CODE = YES;
				CLANG_WARN__DUPLICATE_METHOD_MATCH = YES;
				COPY_PHASE_STRIP = NO;
				DEBUG_INFORMATION_FORMAT = "dwarf-with-dsym";
				ENABLE_NS_ASSERTIONS = NO;
				ENABLE_STRICT_OBJC_MSGSEND = YES;
				GCC_C_LANGUAGE_STANDARD = gnu11;
				GCC_NO_COMMON_BLOCKS = YES;
				GCC_WARN_64_TO_32_BIT_CONVERSION = YES;
				GCC_WARN_ABOUT_RETURN_TYPE = YES_ERROR;
				GCC_WARN_UNDECLARED_SELECTOR = YES;
				GCC_WARN_UNINITIALIZED_AUTOS = YES_AGGRESSIVE;
				GCC_WARN_UNUSED_FUNCTION = YES;
				GCC_WARN_UNUSED_VARIABLE = YES;
				IPHONEOS_DEPLOYMENT_TARGET = 15.0;
				MTL_ENABLE_DEBUG_INFO = NO;
				MTL_FAST_MATH = YES;
				SDKROOT = iphoneos;
				SWIFT_COMPILATION_MODE = wholemodule;
				SWIFT_OPTIMIZATION_LEVEL = "-O";
				VALIDATE_PRODUCT = YES;
			};
			name = Release;
		};
		E5725C2A275941AC004847F8 /* Debug */ = {
			isa = XCBuildConfiguration;
			buildSettings = {
				ASSETCATALOG_COMPILER_APPICON_NAME = AppIcon;
				ASSETCATALOG_COMPILER_GLOBAL_ACCENT_COLOR_NAME = AccentColor;
				CODE_SIGN_STYLE = Automatic;
				CURRENT_PROJECT_VERSION = 1;
				DEVELOPMENT_ASSET_PATHS = "\"GithubPayByStripe/Preview Content\"";
				DEVELOPMENT_TEAM = YZGTAHPF95;
				ENABLE_PREVIEWS = YES;
				GENERATE_INFOPLIST_FILE = YES;
				INFOPLIST_KEY_UIApplicationSceneManifest_Generation = YES;
				INFOPLIST_KEY_UIApplicationSupportsIndirectInputEvents = YES;
				INFOPLIST_KEY_UILaunchScreen_Generation = YES;
				INFOPLIST_KEY_UISupportedInterfaceOrientations_iPad = "UIInterfaceOrientationPortrait UIInterfaceOrientationPortraitUpsideDown UIInterfaceOrientationLandscapeLeft UIInterfaceOrientationLandscapeRight";
				INFOPLIST_KEY_UISupportedInterfaceOrientations_iPhone = "UIInterfaceOrientationPortrait UIInterfaceOrientationLandscapeLeft UIInterfaceOrientationLandscapeRight";
				LD_RUNPATH_SEARCH_PATHS = (
					"$(inherited)",
					"@executable_path/Frameworks",
				);
				MARKETING_VERSION = 1.0;
				PRODUCT_BUNDLE_IDENTIFIER = com.msalsouri.GithubPayByStripe;
				PRODUCT_NAME = "$(TARGET_NAME)";
				SWIFT_EMIT_LOC_STRINGS = YES;
				SWIFT_VERSION = 5.0;
				TARGETED_DEVICE_FAMILY = "1,2";
			};
			name = Debug;
		};
		E5725C2B275941AC004847F8 /* Release */ = {
			isa = XCBuildConfiguration;
			buildSettings = {
				ASSETCATALOG_COMPILER_APPICON_NAME = AppIcon;
				ASSETCATALOG_COMPILER_GLOBAL_ACCENT_COLOR_NAME = AccentColor;
				CODE_SIGN_STYLE = Automatic;
				CURRENT_PROJECT_VERSION = 1;
				DEVELOPMENT_ASSET_PATHS = "\"GithubPayByStripe/Preview Content\"";
				DEVELOPMENT_TEAM = YZGTAHPF95;
				ENABLE_PREVIEWS = YES;
				GENERATE_INFOPLIST_FILE = YES;
				INFOPLIST_KEY_UIApplicationSceneManifest_Generation = YES;
				INFOPLIST_KEY_UIApplicationSupportsIndirectInputEvents = YES;
				INFOPLIST_KEY_UILaunchScreen_Generation = YES;
				INFOPLIST_KEY_UISupportedInterfaceOrientations_iPad = "UIInterfaceOrientationPortrait UIInterfaceOrientationPortraitUpsideDown UIInterfaceOrientationLandscapeLeft UIInterfaceOrientationLandscapeRight";
				INFOPLIST_KEY_UISupportedInterfaceOrientations_iPhone = "UIInterfaceOrientationPortrait UIInterfaceOrientationLandscapeLeft UIInterfaceOrientationLandscapeRight";
				LD_RUNPATH_SEARCH_PATHS = (
					"$(inherited)",
					"@executable_path/Frameworks",
				);
				MARKETING_VERSION = 1.0;
				PRODUCT_BUNDLE_IDENTIFIER = com.msalsouri.GithubPayByStripe;
				PRODUCT_NAME = "$(TARGET_NAME)";
				SWIFT_EMIT_LOC_STRINGS = YES;
				SWIFT_VERSION = 5.0;
				TARGETED_DEVICE_FAMILY = "1,2";
			};
			name = Release;
		};
		E5725C2D275941AC004847F8 /* Debug */ = {
			isa = XCBuildConfiguration;
			buildSettings = {
				ALWAYS_EMBED_SWIFT_STANDARD_LIBRARIES = YES;
				BUNDLE_LOADER = "$(TEST_HOST)";
				CODE_SIGN_STYLE = Automatic;
				CURRENT_PROJECT_VERSION = 1;
				DEVELOPMENT_TEAM = YZGTAHPF95;
				GENERATE_INFOPLIST_FILE = YES;
				IPHONEOS_DEPLOYMENT_TARGET = 15.0;
				LD_RUNPATH_SEARCH_PATHS = (
					"$(inherited)",
					"@executable_path/Frameworks",
					"@loader_path/Frameworks",
				);
				MARKETING_VERSION = 1.0;
				PRODUCT_BUNDLE_IDENTIFIER = com.msalsouri.GithubPayByStripeTests;
				PRODUCT_NAME = "$(TARGET_NAME)";
				SWIFT_EMIT_LOC_STRINGS = NO;
				SWIFT_VERSION = 5.0;
				TARGETED_DEVICE_FAMILY = "1,2";
				TEST_HOST = "$(BUILT_PRODUCTS_DIR)/GithubPayByStripe.app/GithubPayByStripe";
			};
			name = Debug;
		};
		E5725C2E275941AC004847F8 /* Release */ = {
			isa = XCBuildConfiguration;
			buildSettings = {
				ALWAYS_EMBED_SWIFT_STANDARD_LIBRARIES = YES;
				BUNDLE_LOADER = "$(TEST_HOST)";
				CODE_SIGN_STYLE = Automatic;
				CURRENT_PROJECT_VERSION = 1;
				DEVELOPMENT_TEAM = YZGTAHPF95;
				GENERATE_INFOPLIST_FILE = YES;
				IPHONEOS_DEPLOYMENT_TARGET = 15.0;
				LD_RUNPATH_SEARCH_PATHS = (
					"$(inherited)",
					"@executable_path/Frameworks",
					"@loader_path/Frameworks",
				);
				MARKETING_VERSION = 1.0;
				PRODUCT_BUNDLE_IDENTIFIER = com.msalsouri.GithubPayByStripeTests;
				PRODUCT_NAME = "$(TARGET_NAME)";
				SWIFT_EMIT_LOC_STRINGS = NO;
				SWIFT_VERSION = 5.0;
				TARGETED_DEVICE_FAMILY = "1,2";
				TEST_HOST = "$(BUILT_PRODUCTS_DIR)/GithubPayByStripe.app/GithubPayByStripe";
			};
			name = Release;
		};
		E5725C30275941AC004847F8 /* Debug */ = {
			isa = XCBuildConfiguration;
			buildSettings = {
				ALWAYS_EMBED_SWIFT_STANDARD_LIBRARIES = YES;
				CODE_SIGN_STYLE = Automatic;
				CURRENT_PROJECT_VERSION = 1;
				DEVELOPMENT_TEAM = YZGTAHPF95;
				GENERATE_INFOPLIST_FILE = YES;
				LD_RUNPATH_SEARCH_PATHS = (
					"$(inherited)",
					"@executable_path/Frameworks",
					"@loader_path/Frameworks",
				);
				MARKETING_VERSION = 1.0;
				PRODUCT_BUNDLE_IDENTIFIER = com.msalsouri.GithubPayByStripeUITests;
				PRODUCT_NAME = "$(TARGET_NAME)";
				SWIFT_EMIT_LOC_STRINGS = NO;
				SWIFT_VERSION = 5.0;
				TARGETED_DEVICE_FAMILY = "1,2";
				TEST_TARGET_NAME = GithubPayByStripe;
			};
			name = Debug;
		};
		E5725C31275941AC004847F8 /* Release */ = {
			isa = XCBuildConfiguration;
			buildSettings = {
				ALWAYS_EMBED_SWIFT_STANDARD_LIBRARIES = YES;
				CODE_SIGN_STYLE = Automatic;
				CURRENT_PROJECT_VERSION = 1;
				DEVELOPMENT_TEAM = YZGTAHPF95;
				GENERATE_INFOPLIST_FILE = YES;
				LD_RUNPATH_SEARCH_PATHS = (
					"$(inherited)",
					"@executable_path/Frameworks",
					"@loader_path/Frameworks",
				);
				MARKETING_VERSION = 1.0;
				PRODUCT_BUNDLE_IDENTIFIER = com.msalsouri.GithubPayByStripeUITests;
				PRODUCT_NAME = "$(TARGET_NAME)";
				SWIFT_EMIT_LOC_STRINGS = NO;
				SWIFT_VERSION = 5.0;
				TARGETED_DEVICE_FAMILY = "1,2";
				TEST_TARGET_NAME = GithubPayByStripe;
			};
			name = Release;
		};
/* End XCBuildConfiguration section */

/* Begin XCConfigurationList section */
		E5725BFB275941AA004847F8 /* Build configuration list for PBXProject "GithubPayByStripe" */ = {
			isa = XCConfigurationList;
			buildConfigurations = (
				E5725C27275941AC004847F8 /* Debug */,
				E5725C28275941AC004847F8 /* Release */,
			);
			defaultConfigurationIsVisible = 0;
			defaultConfigurationName = Release;
		};
		E5725C29275941AC004847F8 /* Build configuration list for PBXNativeTarget "GithubPayByStripe" */ = {
			isa = XCConfigurationList;
			buildConfigurations = (
				E5725C2A275941AC004847F8 /* Debug */,
				E5725C2B275941AC004847F8 /* Release */,
			);
			defaultConfigurationIsVisible = 0;
			defaultConfigurationName = Release;
		};
		E5725C2C275941AC004847F8 /* Build configuration list for PBXNativeTarget "GithubPayByStripeTests" */ = {
			isa = XCConfigurationList;
			buildConfigurations = (
				E5725C2D275941AC004847F8 /* Debug */,
				E5725C2E275941AC004847F8 /* Release */,
			);
			defaultConfigurationIsVisible = 0;
			defaultConfigurationName = Release;
		};
		E5725C2F275941AC004847F8 /* Build configuration list for PBXNativeTarget "GithubPayByStripeUITests" */ = {
			isa = XCConfigurationList;
			buildConfigurations = (
				E5725C30275941AC004847F8 /* Debug */,
				E5725C31275941AC004847F8 /* Release */,
			);
			defaultConfigurationIsVisible = 0;
			defaultConfigurationName = Release;
		};
/* End XCConfigurationList section */

/* Begin XCVersionGroup section */
		E5725C0E275941AC004847F8 /* GithubPayByStripe.xcdatamodeld */ = {
			isa = XCVersionGroup;
			children = (
				E5725C0F275941AC004847F8 /* GithubPayByStripe.xcdatamodel */,
			);
			currentVersion = E5725C0F275941AC004847F8 /* GithubPayByStripe.xcdatamodel */;
			path = GithubPayByStripe.xcdatamodeld;
			sourceTree = "<group>";
			versionGroupType = wrapper.xcdatamodel;
		};
/* End XCVersionGroup section */
	};
	rootObject = E5725BF8275941AA004847F8 /* Project object */;
}
